
Microsoft Visual Studio Solution File, Format Version 12.00
# Visual Studio 14
VisualStudioVersion = 14.0.25420.1
MinimumVisualStudioVersion = 10.0.40219.1
Project("{FAE04EC0-301F-11D3-BF4B-00C04F79EFBC}") = "Sdl.Web.Site", "Site\Sdl.Web.Site.csproj", "{4B9E8878-0810-4CD1-B57A-D06589C49FE2}"
	ProjectSection(ProjectDependencies) = postProject
		{266CF812-C726-47ED-9F6E-2D6A5C1BCBB0} = {266CF812-C726-47ED-9F6E-2D6A5C1BCBB0}
		{411CD895-9EBC-4661-A6D7-4C6B6FBB049B} = {411CD895-9EBC-4661-A6D7-4C6B6FBB049B}
		{AE4651DF-A42F-4863-A0E1-870EACF3D072} = {AE4651DF-A42F-4863-A0E1-870EACF3D072}
	EndProjectSection
EndProject
Project("{FAE04EC0-301F-11D3-BF4B-00C04F79EFBC}") = "Sdl.Web.Mvc", "Sdl.Web.Mvc\Sdl.Web.Mvc.csproj", "{923B2009-9A0B-4425-88A5-BF7AF25C8F8B}"
	ProjectSection(ProjectDependencies) = postProject
		{266CF812-C726-47ED-9F6E-2D6A5C1BCBB0} = {266CF812-C726-47ED-9F6E-2D6A5C1BCBB0}
		{411CD895-9EBC-4661-A6D7-4C6B6FBB049B} = {411CD895-9EBC-4661-A6D7-4C6B6FBB049B}
	EndProjectSection
EndProject
Project("{FAE04EC0-301F-11D3-BF4B-00C04F79EFBC}") = "Sdl.Web.Tridion", "Sdl.Web.Tridion\Sdl.Web.Tridion.csproj", "{AE4651DF-A42F-4863-A0E1-870EACF3D072}"
	ProjectSection(ProjectDependencies) = postProject
		{266CF812-C726-47ED-9F6E-2D6A5C1BCBB0} = {266CF812-C726-47ED-9F6E-2D6A5C1BCBB0}
		{411CD895-9EBC-4661-A6D7-4C6B6FBB049B} = {411CD895-9EBC-4661-A6D7-4C6B6FBB049B}
	EndProjectSection
EndProject
Project("{FAE04EC0-301F-11D3-BF4B-00C04F79EFBC}") = "Sdl.Web.Common", "Sdl.Web.Common\Sdl.Web.Common.csproj", "{21C08F9A-24C2-481A-95C3-A255BE9771A7}"
	ProjectSection(ProjectDependencies) = postProject
		{266CF812-C726-47ED-9F6E-2D6A5C1BCBB0} = {266CF812-C726-47ED-9F6E-2D6A5C1BCBB0}
		{411CD895-9EBC-4661-A6D7-4C6B6FBB049B} = {411CD895-9EBC-4661-A6D7-4C6B6FBB049B}
	EndProjectSection
EndProject
Project("{FAE04EC0-301F-11D3-BF4B-00C04F79EFBC}") = "Sdl.Web.Tridion.Tests", "Sdl.Web.Tridion.Tests\Sdl.Web.Tridion.Tests.csproj", "{3CB09C75-EECA-4418-AA46-DDFFBD802D46}"
	ProjectSection(ProjectDependencies) = postProject
		{266CF812-C726-47ED-9F6E-2D6A5C1BCBB0} = {266CF812-C726-47ED-9F6E-2D6A5C1BCBB0}
	EndProjectSection
EndProject
Project("{2150E333-8FDC-42A3-9474-1A3956D46DE8}") = "Solution Items", "Solution Items", "{75144B96-6DF7-4A20-AF29-63E8AE45F51E}"
	ProjectSection(SolutionItems) = preProject
		CommonAssemblyInfo.cs = CommonAssemblyInfo.cs
	EndProjectSection
EndProject
Project("{FAE04EC0-301F-11D3-BF4B-00C04F79EFBC}") = "Sdl.Web.Legacy", "Sdl.Web.Legacy\Sdl.Web.Legacy.csproj", "{266CF812-C726-47ED-9F6E-2D6A5C1BCBB0}"
	ProjectSection(ProjectDependencies) = postProject
		{411CD895-9EBC-4661-A6D7-4C6B6FBB049B} = {411CD895-9EBC-4661-A6D7-4C6B6FBB049B}
		{83F5CFC2-14D5-4190-B51D-7AF7A69B67E9} = {83F5CFC2-14D5-4190-B51D-7AF7A69B67E9}
		{849A21D3-5863-4C43-98D3-6B8B83B9300F} = {849A21D3-5863-4C43-98D3-6B8B83B9300F}
		{C21F66F0-01CE-4AF3-B76C-CD262B7EA1C0} = {C21F66F0-01CE-4AF3-B76C-CD262B7EA1C0}
	EndProjectSection
EndProject
Project("{FAE04EC0-301F-11D3-BF4B-00C04F79EFBC}") = "Sdl.Web.Legacy.Model", "Sdl.Web.Legacy.Model\Sdl.Web.Legacy.Model.csproj", "{411CD895-9EBC-4661-A6D7-4C6B6FBB049B}"
EndProject
Project("{2150E333-8FDC-42A3-9474-1A3956D46DE8}") = "DD4T", "DD4T", "{CBCD3AC5-3814-4F3A-9602-5DABF16A6D2E}"
EndProject
Project("{FAE04EC0-301F-11D3-BF4B-00C04F79EFBC}") = "DD4T.ContentModel", "DD4T\DD4T.ContentModel\DD4T.ContentModel.csproj", "{83F5CFC2-14D5-4190-B51D-7AF7A69B67E9}"
EndProject
Project("{FAE04EC0-301F-11D3-BF4B-00C04F79EFBC}") = "DD4T.ContentModel.Contracts", "DD4T\DD4T.ContentModel.Contracts\DD4T.ContentModel.Contracts.csproj", "{C21F66F0-01CE-4AF3-B76C-CD262B7EA1C0}"
EndProject
Project("{FAE04EC0-301F-11D3-BF4B-00C04F79EFBC}") = "DD4T.Serialization", "DD4T\DD4T.Serialization\DD4T.Serialization.csproj", "{849A21D3-5863-4C43-98D3-6B8B83B9300F}"
EndProject
Project("{FAE04EC0-301F-11D3-BF4B-00C04F79EFBC}") = "DD4T.Providers.DxaModelService", "DD4T\DD4T.Providers.DxaModelService\DD4T.Providers.DxaModelService.csproj", "{B02319CC-8295-460D-9FED-F83B20DD7553}"
EndProject
Project("{FAE04EC0-301F-11D3-BF4B-00C04F79EFBC}") = "Sdl.Web.ModelService", "Sdl.Web.ModelService\Sdl.Web.ModelService.csproj", "{5A58A2B2-6C7E-4183-8EFF-76D4282E5C66}"
EndProject
Global
	GlobalSection(Performance) = preSolution
		HasPerformanceSessions = true
	EndGlobalSection
	GlobalSection(SolutionConfigurationPlatforms) = preSolution
		Debug|Any CPU = Debug|Any CPU
		Release|Any CPU = Release|Any CPU
	EndGlobalSection
	GlobalSection(ProjectConfigurationPlatforms) = postSolution
		{4B9E8878-0810-4CD1-B57A-D06589C49FE2}.Debug|Any CPU.ActiveCfg = Debug|Any CPU
		{4B9E8878-0810-4CD1-B57A-D06589C49FE2}.Debug|Any CPU.Build.0 = Debug|Any CPU
		{4B9E8878-0810-4CD1-B57A-D06589C49FE2}.Debug|Any CPU.Deploy.0 = Debug|Any CPU
		{4B9E8878-0810-4CD1-B57A-D06589C49FE2}.Release|Any CPU.ActiveCfg = Release|Any CPU
		{923B2009-9A0B-4425-88A5-BF7AF25C8F8B}.Debug|Any CPU.ActiveCfg = Debug|Any CPU
		{923B2009-9A0B-4425-88A5-BF7AF25C8F8B}.Debug|Any CPU.Build.0 = Debug|Any CPU
		{923B2009-9A0B-4425-88A5-BF7AF25C8F8B}.Debug|Any CPU.Deploy.0 = Debug|Any CPU
		{923B2009-9A0B-4425-88A5-BF7AF25C8F8B}.Release|Any CPU.ActiveCfg = Release|Any CPU
		{AE4651DF-A42F-4863-A0E1-870EACF3D072}.Debug|Any CPU.ActiveCfg = Debug|Any CPU
		{AE4651DF-A42F-4863-A0E1-870EACF3D072}.Debug|Any CPU.Build.0 = Debug|Any CPU
		{AE4651DF-A42F-4863-A0E1-870EACF3D072}.Release|Any CPU.ActiveCfg = Release|Any CPU
		{AE4651DF-A42F-4863-A0E1-870EACF3D072}.Release|Any CPU.Build.0 = Release|Any CPU
		{AE4651DF-A42F-4863-A0E1-870EACF3D072}.Release|Any CPU.Deploy.0 = Release|Any CPU
		{21C08F9A-24C2-481A-95C3-A255BE9771A7}.Debug|Any CPU.ActiveCfg = Debug|Any CPU
		{21C08F9A-24C2-481A-95C3-A255BE9771A7}.Debug|Any CPU.Build.0 = Debug|Any CPU
		{21C08F9A-24C2-481A-95C3-A255BE9771A7}.Debug|Any CPU.Deploy.0 = Debug|Any CPU
		{21C08F9A-24C2-481A-95C3-A255BE9771A7}.Release|Any CPU.ActiveCfg = Release|Any CPU
		{3CB09C75-EECA-4418-AA46-DDFFBD802D46}.Debug|Any CPU.ActiveCfg = Debug|Any CPU
		{3CB09C75-EECA-4418-AA46-DDFFBD802D46}.Debug|Any CPU.Build.0 = Debug|Any CPU
		{3CB09C75-EECA-4418-AA46-DDFFBD802D46}.Release|Any CPU.ActiveCfg = Release|Any CPU
		{266CF812-C726-47ED-9F6E-2D6A5C1BCBB0}.Debug|Any CPU.ActiveCfg = Debug|Any CPU
		{266CF812-C726-47ED-9F6E-2D6A5C1BCBB0}.Debug|Any CPU.Build.0 = Debug|Any CPU
		{266CF812-C726-47ED-9F6E-2D6A5C1BCBB0}.Release|Any CPU.ActiveCfg = Release|Any CPU
		{411CD895-9EBC-4661-A6D7-4C6B6FBB049B}.Debug|Any CPU.ActiveCfg = Debug|Any CPU
		{411CD895-9EBC-4661-A6D7-4C6B6FBB049B}.Debug|Any CPU.Build.0 = Debug|Any CPU
		{411CD895-9EBC-4661-A6D7-4C6B6FBB049B}.Release|Any CPU.ActiveCfg = Release|Any CPU
		{83F5CFC2-14D5-4190-B51D-7AF7A69B67E9}.Debug|Any CPU.ActiveCfg = Debug|Any CPU
		{83F5CFC2-14D5-4190-B51D-7AF7A69B67E9}.Debug|Any CPU.Build.0 = Debug|Any CPU
		{83F5CFC2-14D5-4190-B51D-7AF7A69B67E9}.Release|Any CPU.ActiveCfg = Release|Any CPU
		{C21F66F0-01CE-4AF3-B76C-CD262B7EA1C0}.Debug|Any CPU.ActiveCfg = Debug|Any CPU
		{C21F66F0-01CE-4AF3-B76C-CD262B7EA1C0}.Debug|Any CPU.Build.0 = Debug|Any CPU
		{C21F66F0-01CE-4AF3-B76C-CD262B7EA1C0}.Release|Any CPU.ActiveCfg = Release|Any CPU
		{849A21D3-5863-4C43-98D3-6B8B83B9300F}.Debug|Any CPU.ActiveCfg = Debug|Any CPU
		{849A21D3-5863-4C43-98D3-6B8B83B9300F}.Debug|Any CPU.Build.0 = Debug|Any CPU
		{849A21D3-5863-4C43-98D3-6B8B83B9300F}.Release|Any CPU.ActiveCfg = Release|Any CPU
		{B02319CC-8295-460D-9FED-F83B20DD7553}.Debug|Any CPU.ActiveCfg = Debug|Any CPU
		{B02319CC-8295-460D-9FED-F83B20DD7553}.Debug|Any CPU.Build.0 = Debug|Any CPU
		{B02319CC-8295-460D-9FED-F83B20DD7553}.Release|Any CPU.ActiveCfg = Release|Any CPU
		{B02319CC-8295-460D-9FED-F83B20DD7553}.Release|Any CPU.Build.0 = Release|Any CPU
		{5A58A2B2-6C7E-4183-8EFF-76D4282E5C66}.Debug|Any CPU.ActiveCfg = Debug|Any CPU
		{5A58A2B2-6C7E-4183-8EFF-76D4282E5C66}.Debug|Any CPU.Build.0 = Debug|Any CPU
		{5A58A2B2-6C7E-4183-8EFF-76D4282E5C66}.Release|Any CPU.ActiveCfg = Release|Any CPU
		{5A58A2B2-6C7E-4183-8EFF-76D4282E5C66}.Release|Any CPU.Build.0 = Release|Any CPU
	EndGlobalSection
	GlobalSection(SolutionProperties) = preSolution
		HideSolutionNode = FALSE
	EndGlobalSection
	GlobalSection(NestedProjects) = preSolution
		{83F5CFC2-14D5-4190-B51D-7AF7A69B67E9} = {CBCD3AC5-3814-4F3A-9602-5DABF16A6D2E}
		{C21F66F0-01CE-4AF3-B76C-CD262B7EA1C0} = {CBCD3AC5-3814-4F3A-9602-5DABF16A6D2E}
		{849A21D3-5863-4C43-98D3-6B8B83B9300F} = {CBCD3AC5-3814-4F3A-9602-5DABF16A6D2E}
		{B02319CC-8295-460D-9FED-F83B20DD7553} = {CBCD3AC5-3814-4F3A-9602-5DABF16A6D2E}
	EndGlobalSection
EndGlobal
