
Microsoft Visual Studio Solution File, Format Version 12.00
# Visual Studio 14
VisualStudioVersion = 14.0.25420.1
MinimumVisualStudioVersion = 10.0.40219.1
Project("{FAE04EC0-301F-11D3-BF4B-00C04F79EFBC}") = "Sdl.Web.Site", "Site\Sdl.Web.Site.csproj", "{4B9E8878-0810-4CD1-B57A-D06589C49FE2}"
	ProjectSection(ProjectDependencies) = postProject
		{AE4651DF-A42F-4863-A0E1-870EACF3D072} = {AE4651DF-A42F-4863-A0E1-870EACF3D072}
	EndProjectSection
EndProject
Project("{FAE04EC0-301F-11D3-BF4B-00C04F79EFBC}") = "Sdl.Web.Mvc", "Sdl.Web.Mvc\Sdl.Web.Mvc.csproj", "{923B2009-9A0B-4425-88A5-BF7AF25C8F8B}"
	ProjectSection(ProjectDependencies) = postProject
		{266CF812-C726-47ED-9F6E-2D6A5C1BCBB0} = {266CF812-C726-47ED-9F6E-2D6A5C1BCBB0}
	EndProjectSection
EndProject
Project("{FAE04EC0-301F-11D3-BF4B-00C04F79EFBC}") = "Sdl.Web.Tridion", "Sdl.Web.Tridion\Sdl.Web.Tridion.csproj", "{AE4651DF-A42F-4863-A0E1-870EACF3D072}"
	ProjectSection(ProjectDependencies) = postProject
		{266CF812-C726-47ED-9F6E-2D6A5C1BCBB0} = {266CF812-C726-47ED-9F6E-2D6A5C1BCBB0}
	EndProjectSection
EndProject
Project("{FAE04EC0-301F-11D3-BF4B-00C04F79EFBC}") = "Sdl.Web.Common", "Sdl.Web.Common\Sdl.Web.Common.csproj", "{21C08F9A-24C2-481A-95C3-A255BE9771A7}"
	ProjectSection(ProjectDependencies) = postProject
		{266CF812-C726-47ED-9F6E-2D6A5C1BCBB0} = {266CF812-C726-47ED-9F6E-2D6A5C1BCBB0}
	EndProjectSection
EndProject
Project("{FAE04EC0-301F-11D3-BF4B-00C04F79EFBC}") = "Sdl.Web.Tridion.Tests", "Sdl.Web.Tridion.Tests\Sdl.Web.Tridion.Tests.csproj", "{3CB09C75-EECA-4418-AA46-DDFFBD802D46}"
	ProjectSection(ProjectDependencies) = postProject
		{266CF812-C726-47ED-9F6E-2D6A5C1BCBB0} = {266CF812-C726-47ED-9F6E-2D6A5C1BCBB0}
	EndProjectSection
EndProject
Project("{2150E333-8FDC-42A3-9474-1A3956D46DE8}") = "Solution Items", "Solution Items", "{75144B96-6DF7-4A20-AF29-63E8AE45F51E}"
	ProjectSection(SolutionItems) = preProject
		CommonAssemblyInfo.cs = CommonAssemblyInfo.cs
	EndProjectSection
EndProject
Project("{2150E333-8FDC-42A3-9474-1A3956D46DE8}") = "DD4T", "DD4T", "{B1592C43-A4FA-4C1F-B66D-3B27F17119A9}"
EndProject
Project("{FAE04EC0-301F-11D3-BF4B-00C04F79EFBC}") = "DD4T.ContentModel", "DD4T\DD4T.ContentModel\DD4T.ContentModel.csproj", "{83F5CFC2-14D5-4190-B51D-7AF7A69B67E9}"
EndProject
Project("{FAE04EC0-301F-11D3-BF4B-00C04F79EFBC}") = "DD4T.ContentModel.Contracts", "DD4T\DD4T.ContentModel.Contracts\DD4T.ContentModel.Contracts.csproj", "{C21F66F0-01CE-4AF3-B76C-CD262B7EA1C0}"
EndProject
Project("{FAE04EC0-301F-11D3-BF4B-00C04F79EFBC}") = "DD4T.Core.Contracts", "DD4T\DD4T.Core.Contracts\DD4T.Core.Contracts.csproj", "{F90A1191-CD6E-4016-9005-B28A96F7964E}"
EndProject
Project("{FAE04EC0-301F-11D3-BF4B-00C04F79EFBC}") = "DD4T.Factories", "DD4T\DD4T.Factories\DD4T.Factories.csproj", "{9E96EFE0-7478-4551-A47A-1F04B9F01DF7}"
EndProject
Project("{FAE04EC0-301F-11D3-BF4B-00C04F79EFBC}") = "DD4T.Serialization", "DD4T\DD4T.Serialization\DD4T.Serialization.csproj", "{849A21D3-5863-4C43-98D3-6B8B83B9300F}"
EndProject
Project("{FAE04EC0-301F-11D3-BF4B-00C04F79EFBC}") = "DD4T.Utils", "DD4T\DD4T.Utils\DD4T.Utils.csproj", "{D2CE08BE-7281-4697-ADFE-E7A031CB59EC}"
EndProject
Project("{FAE04EC0-301F-11D3-BF4B-00C04F79EFBC}") = "DD4T.ViewModels", "DD4T\DD4T.ViewModels\DD4T.ViewModels.csproj", "{CC2B55DA-FFBC-44B9-ADA5-C087876AC199}"
EndProject
Project("{FAE04EC0-301F-11D3-BF4B-00C04F79EFBC}") = "DD4T.Providers.SDLWeb8.5.CIL", "DD4T\DD4T.Providers.SDLWeb8.5.CIL\DD4T.Providers.SDLWeb8.5.CIL.csproj", "{425402D5-E8AD-427A-8A0C-3CFD4391D533}"
EndProject
Project("{FAE04EC0-301F-11D3-BF4B-00C04F79EFBC}") = "Sdl.Web.Legacy", "Sdl.Web.Legacy\Sdl.Web.Legacy.csproj", "{266CF812-C726-47ED-9F6E-2D6A5C1BCBB0}"
	ProjectSection(ProjectDependencies) = postProject
		{F90A1191-CD6E-4016-9005-B28A96F7964E} = {F90A1191-CD6E-4016-9005-B28A96F7964E}
		{D2CE08BE-7281-4697-ADFE-E7A031CB59EC} = {D2CE08BE-7281-4697-ADFE-E7A031CB59EC}
		{83F5CFC2-14D5-4190-B51D-7AF7A69B67E9} = {83F5CFC2-14D5-4190-B51D-7AF7A69B67E9}
		{849A21D3-5863-4C43-98D3-6B8B83B9300F} = {849A21D3-5863-4C43-98D3-6B8B83B9300F}
		{425402D5-E8AD-427A-8A0C-3CFD4391D533} = {425402D5-E8AD-427A-8A0C-3CFD4391D533}
		{CC2B55DA-FFBC-44B9-ADA5-C087876AC199} = {CC2B55DA-FFBC-44B9-ADA5-C087876AC199}
		{9E96EFE0-7478-4551-A47A-1F04B9F01DF7} = {9E96EFE0-7478-4551-A47A-1F04B9F01DF7}
		{C21F66F0-01CE-4AF3-B76C-CD262B7EA1C0} = {C21F66F0-01CE-4AF3-B76C-CD262B7EA1C0}
	EndProjectSection
EndProject
Project("{FAE04EC0-301F-11D3-BF4B-00C04F79EFBC}") = "DD4T.MVC5", "DD4T\DD4T.MVC5\DD4T.MVC5.csproj", "{02F3851B-93D2-4B29-880E-FFB274DDAF34}"
EndProject
Project("{FAE04EC0-301F-11D3-BF4B-00C04F79EFBC}") = "DD4T.Web.MVC5", "DD4T\DD4T.Web.MVC5\DD4T.Web.MVC5.csproj", "{7809CF7E-2902-419B-8E71-890512FAB6A3}"
EndProject
Project("{FAE04EC0-301F-11D3-BF4B-00C04F79EFBC}") = "DD4T.Logging.Log4net", "DD4T\DD4T.Logging.Log4net\DD4T.Logging.Log4net.csproj", "{718ED623-028B-496D-805A-6ACD3C2FD2B4}"
EndProject
Project("{FAE04EC0-301F-11D3-BF4B-00C04F79EFBC}") = "DD4T.Caching.ApacheMQ", "DD4T\DD4T.Caching.ApacheMQ\DD4T.Caching.ApacheMQ.csproj", "{77983C8A-F783-450D-9D0C-D7B5C6D9A6B2}"
EndProject
Project("{FAE04EC0-301F-11D3-BF4B-00C04F79EFBC}") = "DD4T.DI.Autofac", "DD4T\DD4T.DI.Autofac\DD4T.DI.Autofac.csproj", "{EE699F46-D354-4384-88B8-EF9DAF4586F4}"
EndProject
Project("{FAE04EC0-301F-11D3-BF4B-00C04F79EFBC}") = "DD4T.DI.Ninject", "DD4T\DD4T.DI.Ninject\DD4T.DI.Ninject.csproj", "{DF35E8FC-35CB-4AD3-AF29-36F07964A17C}"
EndProject
Project("{FAE04EC0-301F-11D3-BF4B-00C04F79EFBC}") = "DD4T.DI.Unity", "DD4T\DD4T.DI.Unity\DD4T.DI.Unity.csproj", "{872F961B-88E7-4A64-BA3C-9D809E236BA8}"
EndProject
Project("{FAE04EC0-301F-11D3-BF4B-00C04F79EFBC}") = "DD4T.Providers.SDLWeb8.CIL", "DD4T\DD4T.Providers.SDLWeb8.CIL\DD4T.Providers.SDLWeb8.CIL.csproj", "{BF052B64-B588-46B1-9B8B-08034EC3740D}"
EndProject
Project("{FAE04EC0-301F-11D3-BF4B-00C04F79EFBC}") = "Sdl.Web.Legacy.DataModel", "Sdl.Web.Legacy.DataModel\Sdl.Web.Legacy.DataModel.csproj", "{56203D9C-DF21-4DBF-860C-02CC63FE94EF}"
EndProject
Global
	GlobalSection(Performance) = preSolution
		HasPerformanceSessions = true
	EndGlobalSection
	GlobalSection(SolutionConfigurationPlatforms) = preSolution
		Debug|Any CPU = Debug|Any CPU
		Release|Any CPU = Release|Any CPU
	EndGlobalSection
	GlobalSection(ProjectConfigurationPlatforms) = postSolution
		{4B9E8878-0810-4CD1-B57A-D06589C49FE2}.Debug|Any CPU.ActiveCfg = Debug|Any CPU
		{4B9E8878-0810-4CD1-B57A-D06589C49FE2}.Debug|Any CPU.Build.0 = Debug|Any CPU
		{4B9E8878-0810-4CD1-B57A-D06589C49FE2}.Debug|Any CPU.Deploy.0 = Debug|Any CPU
		{4B9E8878-0810-4CD1-B57A-D06589C49FE2}.Release|Any CPU.ActiveCfg = Release|Any CPU
		{4B9E8878-0810-4CD1-B57A-D06589C49FE2}.Release|Any CPU.Build.0 = Release|Any CPU
		{923B2009-9A0B-4425-88A5-BF7AF25C8F8B}.Debug|Any CPU.ActiveCfg = Debug|Any CPU
		{923B2009-9A0B-4425-88A5-BF7AF25C8F8B}.Debug|Any CPU.Build.0 = Debug|Any CPU
		{923B2009-9A0B-4425-88A5-BF7AF25C8F8B}.Debug|Any CPU.Deploy.0 = Debug|Any CPU
		{923B2009-9A0B-4425-88A5-BF7AF25C8F8B}.Release|Any CPU.ActiveCfg = Release|Any CPU
		{923B2009-9A0B-4425-88A5-BF7AF25C8F8B}.Release|Any CPU.Build.0 = Release|Any CPU
		{AE4651DF-A42F-4863-A0E1-870EACF3D072}.Debug|Any CPU.ActiveCfg = Debug|Any CPU
		{AE4651DF-A42F-4863-A0E1-870EACF3D072}.Debug|Any CPU.Build.0 = Debug|Any CPU
		{AE4651DF-A42F-4863-A0E1-870EACF3D072}.Release|Any CPU.ActiveCfg = Release|Any CPU
		{AE4651DF-A42F-4863-A0E1-870EACF3D072}.Release|Any CPU.Build.0 = Release|Any CPU
		{21C08F9A-24C2-481A-95C3-A255BE9771A7}.Debug|Any CPU.ActiveCfg = Debug|Any CPU
		{21C08F9A-24C2-481A-95C3-A255BE9771A7}.Debug|Any CPU.Build.0 = Debug|Any CPU
		{21C08F9A-24C2-481A-95C3-A255BE9771A7}.Debug|Any CPU.Deploy.0 = Debug|Any CPU
		{21C08F9A-24C2-481A-95C3-A255BE9771A7}.Release|Any CPU.ActiveCfg = Release|Any CPU
		{21C08F9A-24C2-481A-95C3-A255BE9771A7}.Release|Any CPU.Build.0 = Release|Any CPU
		{3CB09C75-EECA-4418-AA46-DDFFBD802D46}.Debug|Any CPU.ActiveCfg = Debug|Any CPU
		{3CB09C75-EECA-4418-AA46-DDFFBD802D46}.Debug|Any CPU.Build.0 = Debug|Any CPU
		{3CB09C75-EECA-4418-AA46-DDFFBD802D46}.Release|Any CPU.ActiveCfg = Release|Any CPU
		{3CB09C75-EECA-4418-AA46-DDFFBD802D46}.Release|Any CPU.Build.0 = Release|Any CPU
		{83F5CFC2-14D5-4190-B51D-7AF7A69B67E9}.Debug|Any CPU.ActiveCfg = Debug|Any CPU
		{83F5CFC2-14D5-4190-B51D-7AF7A69B67E9}.Debug|Any CPU.Build.0 = Debug|Any CPU
		{83F5CFC2-14D5-4190-B51D-7AF7A69B67E9}.Release|Any CPU.ActiveCfg = Release|Any CPU
		{83F5CFC2-14D5-4190-B51D-7AF7A69B67E9}.Release|Any CPU.Build.0 = Release|Any CPU
		{C21F66F0-01CE-4AF3-B76C-CD262B7EA1C0}.Debug|Any CPU.ActiveCfg = Debug|Any CPU
		{C21F66F0-01CE-4AF3-B76C-CD262B7EA1C0}.Debug|Any CPU.Build.0 = Debug|Any CPU
		{C21F66F0-01CE-4AF3-B76C-CD262B7EA1C0}.Debug|Any CPU.Deploy.0 = Debug|Any CPU
		{C21F66F0-01CE-4AF3-B76C-CD262B7EA1C0}.Release|Any CPU.ActiveCfg = Release|Any CPU
		{C21F66F0-01CE-4AF3-B76C-CD262B7EA1C0}.Release|Any CPU.Build.0 = Release|Any CPU
		{F90A1191-CD6E-4016-9005-B28A96F7964E}.Debug|Any CPU.ActiveCfg = Debug|Any CPU
		{F90A1191-CD6E-4016-9005-B28A96F7964E}.Debug|Any CPU.Build.0 = Debug|Any CPU
		{F90A1191-CD6E-4016-9005-B28A96F7964E}.Debug|Any CPU.Deploy.0 = Debug|Any CPU
		{F90A1191-CD6E-4016-9005-B28A96F7964E}.Release|Any CPU.ActiveCfg = Release|Any CPU
		{F90A1191-CD6E-4016-9005-B28A96F7964E}.Release|Any CPU.Build.0 = Release|Any CPU
		{9E96EFE0-7478-4551-A47A-1F04B9F01DF7}.Debug|Any CPU.ActiveCfg = Debug|Any CPU
		{9E96EFE0-7478-4551-A47A-1F04B9F01DF7}.Debug|Any CPU.Build.0 = Debug|Any CPU
		{9E96EFE0-7478-4551-A47A-1F04B9F01DF7}.Release|Any CPU.ActiveCfg = Release|Any CPU
		{9E96EFE0-7478-4551-A47A-1F04B9F01DF7}.Release|Any CPU.Build.0 = Release|Any CPU
		{849A21D3-5863-4C43-98D3-6B8B83B9300F}.Debug|Any CPU.ActiveCfg = Debug|Any CPU
		{849A21D3-5863-4C43-98D3-6B8B83B9300F}.Debug|Any CPU.Build.0 = Debug|Any CPU
		{849A21D3-5863-4C43-98D3-6B8B83B9300F}.Release|Any CPU.ActiveCfg = Release|Any CPU
		{849A21D3-5863-4C43-98D3-6B8B83B9300F}.Release|Any CPU.Build.0 = Release|Any CPU
		{D2CE08BE-7281-4697-ADFE-E7A031CB59EC}.Debug|Any CPU.ActiveCfg = Debug|Any CPU
		{D2CE08BE-7281-4697-ADFE-E7A031CB59EC}.Debug|Any CPU.Build.0 = Debug|Any CPU
		{D2CE08BE-7281-4697-ADFE-E7A031CB59EC}.Release|Any CPU.ActiveCfg = Release|Any CPU
		{D2CE08BE-7281-4697-ADFE-E7A031CB59EC}.Release|Any CPU.Build.0 = Release|Any CPU
		{CC2B55DA-FFBC-44B9-ADA5-C087876AC199}.Debug|Any CPU.ActiveCfg = Debug|Any CPU
		{CC2B55DA-FFBC-44B9-ADA5-C087876AC199}.Debug|Any CPU.Build.0 = Debug|Any CPU
		{CC2B55DA-FFBC-44B9-ADA5-C087876AC199}.Release|Any CPU.ActiveCfg = Release|Any CPU
		{CC2B55DA-FFBC-44B9-ADA5-C087876AC199}.Release|Any CPU.Build.0 = Release|Any CPU
		{425402D5-E8AD-427A-8A0C-3CFD4391D533}.Debug|Any CPU.ActiveCfg = Debug|Any CPU
		{425402D5-E8AD-427A-8A0C-3CFD4391D533}.Debug|Any CPU.Build.0 = Debug|Any CPU
		{425402D5-E8AD-427A-8A0C-3CFD4391D533}.Release|Any CPU.ActiveCfg = Release|Any CPU
		{425402D5-E8AD-427A-8A0C-3CFD4391D533}.Release|Any CPU.Build.0 = Release|Any CPU
		{266CF812-C726-47ED-9F6E-2D6A5C1BCBB0}.Debug|Any CPU.ActiveCfg = Debug|Any CPU
		{266CF812-C726-47ED-9F6E-2D6A5C1BCBB0}.Debug|Any CPU.Build.0 = Debug|Any CPU
		{266CF812-C726-47ED-9F6E-2D6A5C1BCBB0}.Release|Any CPU.ActiveCfg = Release|Any CPU
		{266CF812-C726-47ED-9F6E-2D6A5C1BCBB0}.Release|Any CPU.Build.0 = Release|Any CPU
		{02F3851B-93D2-4B29-880E-FFB274DDAF34}.Debug|Any CPU.ActiveCfg = Debug|Any CPU
		{02F3851B-93D2-4B29-880E-FFB274DDAF34}.Debug|Any CPU.Build.0 = Debug|Any CPU
		{02F3851B-93D2-4B29-880E-FFB274DDAF34}.Release|Any CPU.ActiveCfg = Release|Any CPU
		{02F3851B-93D2-4B29-880E-FFB274DDAF34}.Release|Any CPU.Build.0 = Release|Any CPU
		{7809CF7E-2902-419B-8E71-890512FAB6A3}.Debug|Any CPU.ActiveCfg = Debug|Any CPU
		{7809CF7E-2902-419B-8E71-890512FAB6A3}.Debug|Any CPU.Build.0 = Debug|Any CPU
		{7809CF7E-2902-419B-8E71-890512FAB6A3}.Release|Any CPU.ActiveCfg = Release|Any CPU
		{7809CF7E-2902-419B-8E71-890512FAB6A3}.Release|Any CPU.Build.0 = Release|Any CPU
		{718ED623-028B-496D-805A-6ACD3C2FD2B4}.Debug|Any CPU.ActiveCfg = Debug|Any CPU
		{718ED623-028B-496D-805A-6ACD3C2FD2B4}.Debug|Any CPU.Build.0 = Debug|Any CPU
		{718ED623-028B-496D-805A-6ACD3C2FD2B4}.Release|Any CPU.ActiveCfg = Release|Any CPU
		{718ED623-028B-496D-805A-6ACD3C2FD2B4}.Release|Any CPU.Build.0 = Release|Any CPU
		{77983C8A-F783-450D-9D0C-D7B5C6D9A6B2}.Debug|Any CPU.ActiveCfg = Debug|Any CPU
		{77983C8A-F783-450D-9D0C-D7B5C6D9A6B2}.Debug|Any CPU.Build.0 = Debug|Any CPU
		{77983C8A-F783-450D-9D0C-D7B5C6D9A6B2}.Release|Any CPU.ActiveCfg = Release|Any CPU
		{77983C8A-F783-450D-9D0C-D7B5C6D9A6B2}.Release|Any CPU.Build.0 = Release|Any CPU
		{EE699F46-D354-4384-88B8-EF9DAF4586F4}.Debug|Any CPU.ActiveCfg = Debug|Any CPU
		{EE699F46-D354-4384-88B8-EF9DAF4586F4}.Debug|Any CPU.Build.0 = Debug|Any CPU
		{EE699F46-D354-4384-88B8-EF9DAF4586F4}.Release|Any CPU.ActiveCfg = Release|Any CPU
		{EE699F46-D354-4384-88B8-EF9DAF4586F4}.Release|Any CPU.Build.0 = Release|Any CPU
		{DF35E8FC-35CB-4AD3-AF29-36F07964A17C}.Debug|Any CPU.ActiveCfg = Debug|Any CPU
		{DF35E8FC-35CB-4AD3-AF29-36F07964A17C}.Debug|Any CPU.Build.0 = Debug|Any CPU
		{DF35E8FC-35CB-4AD3-AF29-36F07964A17C}.Release|Any CPU.ActiveCfg = Release|Any CPU
		{DF35E8FC-35CB-4AD3-AF29-36F07964A17C}.Release|Any CPU.Build.0 = Release|Any CPU
		{872F961B-88E7-4A64-BA3C-9D809E236BA8}.Debug|Any CPU.ActiveCfg = Debug|Any CPU
		{872F961B-88E7-4A64-BA3C-9D809E236BA8}.Debug|Any CPU.Build.0 = Debug|Any CPU
		{872F961B-88E7-4A64-BA3C-9D809E236BA8}.Release|Any CPU.ActiveCfg = Release|Any CPU
		{872F961B-88E7-4A64-BA3C-9D809E236BA8}.Release|Any CPU.Build.0 = Release|Any CPU
		{BF052B64-B588-46B1-9B8B-08034EC3740D}.Debug|Any CPU.ActiveCfg = Debug|Any CPU
		{BF052B64-B588-46B1-9B8B-08034EC3740D}.Debug|Any CPU.Build.0 = Debug|Any CPU
		{BF052B64-B588-46B1-9B8B-08034EC3740D}.Release|Any CPU.ActiveCfg = Release|Any CPU
		{BF052B64-B588-46B1-9B8B-08034EC3740D}.Release|Any CPU.Build.0 = Release|Any CPU
		{56203D9C-DF21-4DBF-860C-02CC63FE94EF}.Debug|Any CPU.ActiveCfg = Debug|Any CPU
		{56203D9C-DF21-4DBF-860C-02CC63FE94EF}.Debug|Any CPU.Build.0 = Debug|Any CPU
		{56203D9C-DF21-4DBF-860C-02CC63FE94EF}.Release|Any CPU.ActiveCfg = Release|Any CPU
		{56203D9C-DF21-4DBF-860C-02CC63FE94EF}.Release|Any CPU.Build.0 = Release|Any CPU
	EndGlobalSection
	GlobalSection(SolutionProperties) = preSolution
		HideSolutionNode = FALSE
	EndGlobalSection
	GlobalSection(NestedProjects) = preSolution
		{83F5CFC2-14D5-4190-B51D-7AF7A69B67E9} = {B1592C43-A4FA-4C1F-B66D-3B27F17119A9}
		{C21F66F0-01CE-4AF3-B76C-CD262B7EA1C0} = {B1592C43-A4FA-4C1F-B66D-3B27F17119A9}
		{F90A1191-CD6E-4016-9005-B28A96F7964E} = {B1592C43-A4FA-4C1F-B66D-3B27F17119A9}
		{9E96EFE0-7478-4551-A47A-1F04B9F01DF7} = {B1592C43-A4FA-4C1F-B66D-3B27F17119A9}
		{849A21D3-5863-4C43-98D3-6B8B83B9300F} = {B1592C43-A4FA-4C1F-B66D-3B27F17119A9}
		{D2CE08BE-7281-4697-ADFE-E7A031CB59EC} = {B1592C43-A4FA-4C1F-B66D-3B27F17119A9}
		{CC2B55DA-FFBC-44B9-ADA5-C087876AC199} = {B1592C43-A4FA-4C1F-B66D-3B27F17119A9}
		{425402D5-E8AD-427A-8A0C-3CFD4391D533} = {B1592C43-A4FA-4C1F-B66D-3B27F17119A9}
		{02F3851B-93D2-4B29-880E-FFB274DDAF34} = {B1592C43-A4FA-4C1F-B66D-3B27F17119A9}
		{7809CF7E-2902-419B-8E71-890512FAB6A3} = {B1592C43-A4FA-4C1F-B66D-3B27F17119A9}
		{718ED623-028B-496D-805A-6ACD3C2FD2B4} = {B1592C43-A4FA-4C1F-B66D-3B27F17119A9}
		{77983C8A-F783-450D-9D0C-D7B5C6D9A6B2} = {B1592C43-A4FA-4C1F-B66D-3B27F17119A9}
		{EE699F46-D354-4384-88B8-EF9DAF4586F4} = {B1592C43-A4FA-4C1F-B66D-3B27F17119A9}
		{DF35E8FC-35CB-4AD3-AF29-36F07964A17C} = {B1592C43-A4FA-4C1F-B66D-3B27F17119A9}
		{872F961B-88E7-4A64-BA3C-9D809E236BA8} = {B1592C43-A4FA-4C1F-B66D-3B27F17119A9}
		{BF052B64-B588-46B1-9B8B-08034EC3740D} = {B1592C43-A4FA-4C1F-B66D-3B27F17119A9}
	EndGlobalSection
EndGlobal
